
Microsoft Visual Studio Solution File, Format Version 12.00
# Visual Studio Version 17
VisualStudioVersion = 17.13.35825.156
MinimumVisualStudioVersion = 10.0.40219.1
Project("{FAE04EC0-301F-11D3-BF4B-00C04F79EFBC}") = "BulkInsertAPI", "BulkInsertAPI.csproj", "{B10AB79A-DFFC-3E55-83AE-3698EC2C405E}"
EndProject
Global
	GlobalSection(SolutionConfigurationPlatforms) = preSolution
		Debug|Any CPU = Debug|Any CPU
		Release|Any CPU = Release|Any CPU
	EndGlobalSection
	GlobalSection(ProjectConfigurationPlatforms) = postSolution
		{B10AB79A-DFFC-3E55-83AE-3698EC2C405E}.Debug|Any CPU.ActiveCfg = Debug|Any CPU
		{B10AB79A-DFFC-3E55-83AE-3698EC2C405E}.Debug|Any CPU.Build.0 = Debug|Any CPU
		{B10AB79A-DFFC-3E55-83AE-3698EC2C405E}.Release|Any CPU.ActiveCfg = Release|Any CPU
		{B10AB79A-DFFC-3E55-83AE-3698EC2C405E}.Release|Any CPU.Build.0 = Release|Any CPU
	EndGlobalSection
	GlobalSection(SolutionProperties) = preSolution
		HideSolutionNode = FALSE
	EndGlobalSection
	GlobalSection(ExtensibilityGlobals) = postSolution
		SolutionGuid = {8658D6F6-62EF-430A-988F-0EAAE96588EF}
	EndGlobalSection
EndGlobal
